
Microsoft Visual Studio Solution File, Format Version 12.00
# Visual Studio 15
VisualStudioVersion = 15.0.28010.2050
MinimumVisualStudioVersion = 10.0.40219.1
Project("{FAE04EC0-301F-11D3-BF4B-00C04F79EFBC}") = "XBC.MVC", "XBC.MVC\XBC.MVC.csproj", "{503817D6-0A2C-4C13-AECC-627347AC742F}"
EndProject
Project("{FAE04EC0-301F-11D3-BF4B-00C04F79EFBC}") = "XBC.Tests", "XBC.Tests\XBC.Tests.csproj", "{48F3048B-B182-4F89-A03F-B1C6E7CAEAC7}"
EndProject
Project("{FAE04EC0-301F-11D3-BF4B-00C04F79EFBC}") = "XBC.DataModel", "XBC.DataModel\XBC.DataModel.csproj", "{134DD9D8-1176-4E5D-9715-6E031B3185D3}"
EndProject
Project("{FAE04EC0-301F-11D3-BF4B-00C04F79EFBC}") = "XBC.ViewModel", "XBC.ViewModel\XBC.ViewModel.csproj", "{D3E0C2B5-F7F1-4970-A2FD-542EF1E05BBB}"
EndProject
Project("{FAE04EC0-301F-11D3-BF4B-00C04F79EFBC}") = "XBC.Repo", "XBC.Repo\XBC.Repo.csproj", "{97570EBA-5A51-4073-8883-994641156311}"
EndProject
Global
	GlobalSection(SolutionConfigurationPlatforms) = preSolution
		Debug|Any CPU = Debug|Any CPU
		Release|Any CPU = Release|Any CPU
	EndGlobalSection
	GlobalSection(ProjectConfigurationPlatforms) = postSolution
		{503817D6-0A2C-4C13-AECC-627347AC742F}.Debug|Any CPU.ActiveCfg = Debug|Any CPU
		{503817D6-0A2C-4C13-AECC-627347AC742F}.Debug|Any CPU.Build.0 = Debug|Any CPU
		{503817D6-0A2C-4C13-AECC-627347AC742F}.Release|Any CPU.ActiveCfg = Release|Any CPU
		{503817D6-0A2C-4C13-AECC-627347AC742F}.Release|Any CPU.Build.0 = Release|Any CPU
		{48F3048B-B182-4F89-A03F-B1C6E7CAEAC7}.Debug|Any CPU.ActiveCfg = Debug|Any CPU
		{48F3048B-B182-4F89-A03F-B1C6E7CAEAC7}.Debug|Any CPU.Build.0 = Debug|Any CPU
		{48F3048B-B182-4F89-A03F-B1C6E7CAEAC7}.Release|Any CPU.ActiveCfg = Release|Any CPU
		{48F3048B-B182-4F89-A03F-B1C6E7CAEAC7}.Release|Any CPU.Build.0 = Release|Any CPU
		{134DD9D8-1176-4E5D-9715-6E031B3185D3}.Debug|Any CPU.ActiveCfg = Debug|Any CPU
		{134DD9D8-1176-4E5D-9715-6E031B3185D3}.Debug|Any CPU.Build.0 = Debug|Any CPU
		{134DD9D8-1176-4E5D-9715-6E031B3185D3}.Release|Any CPU.ActiveCfg = Release|Any CPU
		{134DD9D8-1176-4E5D-9715-6E031B3185D3}.Release|Any CPU.Build.0 = Release|Any CPU
		{D3E0C2B5-F7F1-4970-A2FD-542EF1E05BBB}.Debug|Any CPU.ActiveCfg = Debug|Any CPU
		{D3E0C2B5-F7F1-4970-A2FD-542EF1E05BBB}.Debug|Any CPU.Build.0 = Debug|Any CPU
		{D3E0C2B5-F7F1-4970-A2FD-542EF1E05BBB}.Release|Any CPU.ActiveCfg = Release|Any CPU
		{D3E0C2B5-F7F1-4970-A2FD-542EF1E05BBB}.Release|Any CPU.Build.0 = Release|Any CPU
		{97570EBA-5A51-4073-8883-994641156311}.Debug|Any CPU.ActiveCfg = Debug|Any CPU
		{97570EBA-5A51-4073-8883-994641156311}.Debug|Any CPU.Build.0 = Debug|Any CPU
		{97570EBA-5A51-4073-8883-994641156311}.Release|Any CPU.ActiveCfg = Release|Any CPU
		{97570EBA-5A51-4073-8883-994641156311}.Release|Any CPU.Build.0 = Release|Any CPU
	EndGlobalSection
	GlobalSection(SolutionProperties) = preSolution
		HideSolutionNode = FALSE
	EndGlobalSection
	GlobalSection(ExtensibilityGlobals) = postSolution
		SolutionGuid = {D4FE9309-92AA-4123-B853-69F4CF51D11C}
	EndGlobalSection
EndGlobal
